
Microsoft Visual Studio Solution File, Format Version 12.00
# Visual Studio 14
VisualStudioVersion = 14.0.25420.1
MinimumVisualStudioVersion = 10.0.40219.1
Project("{FAE04EC0-301F-11D3-BF4B-00C04F79EFBC}") = "BusinessObject", "BusinessObject\BusinessObject.csproj", "{5A337BC0-28E2-47FB-9BB3-A211EB646377}"
EndProject
Project("{FAE04EC0-301F-11D3-BF4B-00C04F79EFBC}") = "DataAccess", "DataAccess\DataAccess.csproj", "{1A3C106A-6772-4FB7-B48C-EF439C39B48F}"
EndProject
Project("{FAE04EC0-301F-11D3-BF4B-00C04F79EFBC}") = "HBS", "HBS\HBS.csproj", "{B7BA0F07-61DC-446F-BB5B-D22D92A36814}"
EndProject
Global
	GlobalSection(SolutionConfigurationPlatforms) = preSolution
		Debug|Any CPU = Debug|Any CPU
		Release|Any CPU = Release|Any CPU
	EndGlobalSection
	GlobalSection(ProjectConfigurationPlatforms) = postSolution
		{5A337BC0-28E2-47FB-9BB3-A211EB646377}.Debug|Any CPU.ActiveCfg = Debug|Any CPU
		{5A337BC0-28E2-47FB-9BB3-A211EB646377}.Debug|Any CPU.Build.0 = Debug|Any CPU
		{5A337BC0-28E2-47FB-9BB3-A211EB646377}.Release|Any CPU.ActiveCfg = Release|Any CPU
		{5A337BC0-28E2-47FB-9BB3-A211EB646377}.Release|Any CPU.Build.0 = Release|Any CPU
		{1A3C106A-6772-4FB7-B48C-EF439C39B48F}.Debug|Any CPU.ActiveCfg = Debug|Any CPU
		{1A3C106A-6772-4FB7-B48C-EF439C39B48F}.Debug|Any CPU.Build.0 = Debug|Any CPU
		{1A3C106A-6772-4FB7-B48C-EF439C39B48F}.Release|Any CPU.ActiveCfg = Release|Any CPU
		{1A3C106A-6772-4FB7-B48C-EF439C39B48F}.Release|Any CPU.Build.0 = Release|Any CPU
		{B7BA0F07-61DC-446F-BB5B-D22D92A36814}.Debug|Any CPU.ActiveCfg = Debug|Any CPU
		{B7BA0F07-61DC-446F-BB5B-D22D92A36814}.Debug|Any CPU.Build.0 = Debug|Any CPU
		{B7BA0F07-61DC-446F-BB5B-D22D92A36814}.Release|Any CPU.ActiveCfg = Release|Any CPU
		{B7BA0F07-61DC-446F-BB5B-D22D92A36814}.Release|Any CPU.Build.0 = Release|Any CPU
	EndGlobalSection
	GlobalSection(SolutionProperties) = preSolution
		HideSolutionNode = FALSE
	EndGlobalSection
EndGlobal
